github.com/mazufik/go-say-hello v1.0.0 h1:9bPacnHMIyR6XV4T6ca1EzKBGHkSWUNA7ZweEf9H7Qk=
github.com/mazufik/go-say-hello v1.0.0/go.mod h1:JmP/aCUUjwZ9yWom7CrrFFjT7XSt4EH0LVsW/JihlaA=
github.com/mazufik/go-say-hello v1.6.0 h1:MBFIfYl6LKv1E0cQ+0IqKxRrErE5hblsjPKYcdrOygs=
github.com/mazufik/go-say-hello v1.6.0/go.mod h1:JmP/aCUUjwZ9yWom7CrrFFjT7XSt4EH0LVsW/JihlaA=
github.com/mazufik/go-say-hello/v2 v2.0.0 h1:JElks96b9XJjwVSKvPJZhO6pI/9KPZ4hpnhU2OCQiwg=
github.com/mazufik/go-say-hello/v2 v2.0.0/go.mod h1:Cx0H6Rw0IERBy0FJZ08k4mcre5PWMV/4oiPNlc7SloA=
